
Microsoft Visual Studio Solution File, Format Version 12.00
# Visual Studio Version 16
VisualStudioVersion = 16.0.29123.88
MinimumVisualStudioVersion = 10.0.40219.1
Project("{FAE04EC0-301F-11D3-BF4B-00C04F79EFBC}") = "Jenx.Bluetooth.GattServer.Desktop", "src\Jenx.Bluetooth.GattServer.Desktop\Jenx.Bluetooth.GattServer.Desktop.csproj", "{5F5B63B8-2D06-48C2-A08C-691655EA62DD}"
EndProject
Project("{2150E333-8FDC-42A3-9474-1A3956D46DE8}") = "MobileClient", "MobileClient", "{27C19420-45E9-4AB8-A5EF-711DA7DC4204}"
EndProject
Project("{FAE04EC0-301F-11D3-BF4B-00C04F79EFBC}") = "Jenx.Bluetooth.Xamarin.Client.Android", "src\Jenx.Bluetooth.Xamarin.Client.Android\Jenx.Bluetooth.Xamarin.Client.Android.csproj", "{8BB1383C-BD31-4D45-8010-DFAFE1540D36}"
EndProject
Project("{FAE04EC0-301F-11D3-BF4B-00C04F79EFBC}") = "Jenx.Bluetooth.Xamarin.Client.iOS", "src\Jenx.Bluetooth.Xamarin.Client.iOS\Jenx.Bluetooth.Xamarin.Client.iOS.csproj", "{73F860EE-EB58-45F6-8B4B-817A13ACC9AF}"
EndProject
Project("{9A19103F-16F7-4668-BE54-9A1E7A4F7556}") = "Jenx.Bluetooth.Xamarin.Client", "src\Jenx.Bluetooth.Xamarin.Client\Jenx.Bluetooth.Xamarin.Client.csproj", "{742F3DD7-FADD-4BB5-AD28-8508B64D9D95}"
EndProject
Project("{2150E333-8FDC-42A3-9474-1A3956D46DE8}") = "Server", "Server", "{ABEF3748-B02C-47B8-98D7-5BD1B4F06063}"
EndProject
Project("{FAE04EC0-301F-11D3-BF4B-00C04F79EFBC}") = "Jenx.Bluetooth.GattServer.Console", "src\Jenx.Bluetooth.GattServer.Console\Jenx.Bluetooth.GattServer.Console.csproj", "{879003A6-173B-41F6-A14A-8942856403B8}"
EndProject
Project("{FAE04EC0-301F-11D3-BF4B-00C04F79EFBC}") = "Jenx.Bluetooth.GattServer.Common", "src\Jenx.Bluetooth.GattServer.Common\Jenx.Bluetooth.GattServer.Common.csproj", "{D5D80FFE-952A-4925-A7D7-1FDB640CFE51}"
EndProject
Project("{FAE04EC0-301F-11D3-BF4B-00C04F79EFBC}") = "Jenx.Bluetooth.Common", "src\Jenx.Bluetooth.Common\Jenx.Bluetooth.Common.csproj", "{2AAC263C-F324-48BF-8488-EBE7463735D7}"
EndProject
Global
	GlobalSection(SolutionConfigurationPlatforms) = preSolution
		Debug|Any CPU = Debug|Any CPU
		Debug|ARM = Debug|ARM
		Debug|ARM64 = Debug|ARM64
		Debug|iPhone = Debug|iPhone
		Debug|iPhoneSimulator = Debug|iPhoneSimulator
		Debug|x64 = Debug|x64
		Debug|x86 = Debug|x86
		Release|Any CPU = Release|Any CPU
		Release|ARM = Release|ARM
		Release|ARM64 = Release|ARM64
		Release|iPhone = Release|iPhone
		Release|iPhoneSimulator = Release|iPhoneSimulator
		Release|x64 = Release|x64
		Release|x86 = Release|x86
	EndGlobalSection
	GlobalSection(ProjectConfigurationPlatforms) = postSolution
		{5F5B63B8-2D06-48C2-A08C-691655EA62DD}.Debug|Any CPU.ActiveCfg = Debug|x86
		{5F5B63B8-2D06-48C2-A08C-691655EA62DD}.Debug|ARM.ActiveCfg = Debug|ARM
		{5F5B63B8-2D06-48C2-A08C-691655EA62DD}.Debug|ARM.Build.0 = Debug|ARM
		{5F5B63B8-2D06-48C2-A08C-691655EA62DD}.Debug|ARM.Deploy.0 = Debug|ARM
		{5F5B63B8-2D06-48C2-A08C-691655EA62DD}.Debug|ARM64.ActiveCfg = Debug|ARM64
		{5F5B63B8-2D06-48C2-A08C-691655EA62DD}.Debug|ARM64.Build.0 = Debug|ARM64
		{5F5B63B8-2D06-48C2-A08C-691655EA62DD}.Debug|ARM64.Deploy.0 = Debug|ARM64
		{5F5B63B8-2D06-48C2-A08C-691655EA62DD}.Debug|iPhone.ActiveCfg = Debug|x86
		{5F5B63B8-2D06-48C2-A08C-691655EA62DD}.Debug|iPhoneSimulator.ActiveCfg = Debug|x86
		{5F5B63B8-2D06-48C2-A08C-691655EA62DD}.Debug|x64.ActiveCfg = Debug|x64
		{5F5B63B8-2D06-48C2-A08C-691655EA62DD}.Debug|x64.Build.0 = Debug|x64
		{5F5B63B8-2D06-48C2-A08C-691655EA62DD}.Debug|x64.Deploy.0 = Debug|x64
		{5F5B63B8-2D06-48C2-A08C-691655EA62DD}.Debug|x86.ActiveCfg = Debug|x86
		{5F5B63B8-2D06-48C2-A08C-691655EA62DD}.Debug|x86.Build.0 = Debug|x86
		{5F5B63B8-2D06-48C2-A08C-691655EA62DD}.Debug|x86.Deploy.0 = Debug|x86
		{5F5B63B8-2D06-48C2-A08C-691655EA62DD}.Release|Any CPU.ActiveCfg = Release|x86
		{5F5B63B8-2D06-48C2-A08C-691655EA62DD}.Release|ARM.ActiveCfg = Release|ARM
		{5F5B63B8-2D06-48C2-A08C-691655EA62DD}.Release|ARM.Build.0 = Release|ARM
		{5F5B63B8-2D06-48C2-A08C-691655EA62DD}.Release|ARM.Deploy.0 = Release|ARM
		{5F5B63B8-2D06-48C2-A08C-691655EA62DD}.Release|ARM64.ActiveCfg = Release|ARM64
		{5F5B63B8-2D06-48C2-A08C-691655EA62DD}.Release|ARM64.Build.0 = Release|ARM64
		{5F5B63B8-2D06-48C2-A08C-691655EA62DD}.Release|ARM64.Deploy.0 = Release|ARM64
		{5F5B63B8-2D06-48C2-A08C-691655EA62DD}.Release|iPhone.ActiveCfg = Release|x86
		{5F5B63B8-2D06-48C2-A08C-691655EA62DD}.Release|iPhoneSimulator.ActiveCfg = Release|x86
		{5F5B63B8-2D06-48C2-A08C-691655EA62DD}.Release|x64.ActiveCfg = Release|x64
		{5F5B63B8-2D06-48C2-A08C-691655EA62DD}.Release|x64.Build.0 = Release|x64
		{5F5B63B8-2D06-48C2-A08C-691655EA62DD}.Release|x64.Deploy.0 = Release|x64
		{5F5B63B8-2D06-48C2-A08C-691655EA62DD}.Release|x86.ActiveCfg = Release|x86
		{5F5B63B8-2D06-48C2-A08C-691655EA62DD}.Release|x86.Build.0 = Release|x86
		{5F5B63B8-2D06-48C2-A08C-691655EA62DD}.Release|x86.Deploy.0 = Release|x86
		{8BB1383C-BD31-4D45-8010-DFAFE1540D36}.Debug|Any CPU.ActiveCfg = Debug|Any CPU
		{8BB1383C-BD31-4D45-8010-DFAFE1540D36}.Debug|Any CPU.Build.0 = Debug|Any CPU
		{8BB1383C-BD31-4D45-8010-DFAFE1540D36}.Debug|Any CPU.Deploy.0 = Debug|Any CPU
		{8BB1383C-BD31-4D45-8010-DFAFE1540D36}.Debug|ARM.ActiveCfg = Debug|Any CPU
		{8BB1383C-BD31-4D45-8010-DFAFE1540D36}.Debug|ARM.Build.0 = Debug|Any CPU
		{8BB1383C-BD31-4D45-8010-DFAFE1540D36}.Debug|ARM.Deploy.0 = Debug|Any CPU
		{8BB1383C-BD31-4D45-8010-DFAFE1540D36}.Debug|ARM64.ActiveCfg = Debug|Any CPU
		{8BB1383C-BD31-4D45-8010-DFAFE1540D36}.Debug|ARM64.Build.0 = Debug|Any CPU
		{8BB1383C-BD31-4D45-8010-DFAFE1540D36}.Debug|ARM64.Deploy.0 = Debug|Any CPU
		{8BB1383C-BD31-4D45-8010-DFAFE1540D36}.Debug|iPhone.ActiveCfg = Debug|Any CPU
		{8BB1383C-BD31-4D45-8010-DFAFE1540D36}.Debug|iPhone.Build.0 = Debug|Any CPU
		{8BB1383C-BD31-4D45-8010-DFAFE1540D36}.Debug|iPhone.Deploy.0 = Debug|Any CPU
		{8BB1383C-BD31-4D45-8010-DFAFE1540D36}.Debug|iPhoneSimulator.ActiveCfg = Debug|Any CPU
		{8BB1383C-BD31-4D45-8010-DFAFE1540D36}.Debug|iPhoneSimulator.Build.0 = Debug|Any CPU
		{8BB1383C-BD31-4D45-8010-DFAFE1540D36}.Debug|iPhoneSimulator.Deploy.0 = Debug|Any CPU
		{8BB1383C-BD31-4D45-8010-DFAFE1540D36}.Debug|x64.ActiveCfg = Debug|Any CPU
		{8BB1383C-BD31-4D45-8010-DFAFE1540D36}.Debug|x64.Build.0 = Debug|Any CPU
		{8BB1383C-BD31-4D45-8010-DFAFE1540D36}.Debug|x64.Deploy.0 = Debug|Any CPU
		{8BB1383C-BD31-4D45-8010-DFAFE1540D36}.Debug|x86.ActiveCfg = Debug|Any CPU
		{8BB1383C-BD31-4D45-8010-DFAFE1540D36}.Debug|x86.Build.0 = Debug|Any CPU
		{8BB1383C-BD31-4D45-8010-DFAFE1540D36}.Debug|x86.Deploy.0 = Debug|Any CPU
		{8BB1383C-BD31-4D45-8010-DFAFE1540D36}.Release|Any CPU.ActiveCfg = Release|Any CPU
		{8BB1383C-BD31-4D45-8010-DFAFE1540D36}.Release|Any CPU.Build.0 = Release|Any CPU
		{8BB1383C-BD31-4D45-8010-DFAFE1540D36}.Release|Any CPU.Deploy.0 = Release|Any CPU
		{8BB1383C-BD31-4D45-8010-DFAFE1540D36}.Release|ARM.ActiveCfg = Release|Any CPU
		{8BB1383C-BD31-4D45-8010-DFAFE1540D36}.Release|ARM.Build.0 = Release|Any CPU
		{8BB1383C-BD31-4D45-8010-DFAFE1540D36}.Release|ARM.Deploy.0 = Release|Any CPU
		{8BB1383C-BD31-4D45-8010-DFAFE1540D36}.Release|ARM64.ActiveCfg = Release|Any CPU
		{8BB1383C-BD31-4D45-8010-DFAFE1540D36}.Release|ARM64.Build.0 = Release|Any CPU
		{8BB1383C-BD31-4D45-8010-DFAFE1540D36}.Release|ARM64.Deploy.0 = Release|Any CPU
		{8BB1383C-BD31-4D45-8010-DFAFE1540D36}.Release|iPhone.ActiveCfg = Release|Any CPU
		{8BB1383C-BD31-4D45-8010-DFAFE1540D36}.Release|iPhone.Build.0 = Release|Any CPU
		{8BB1383C-BD31-4D45-8010-DFAFE1540D36}.Release|iPhone.Deploy.0 = Release|Any CPU
		{8BB1383C-BD31-4D45-8010-DFAFE1540D36}.Release|iPhoneSimulator.ActiveCfg = Release|Any CPU
		{8BB1383C-BD31-4D45-8010-DFAFE1540D36}.Release|iPhoneSimulator.Build.0 = Release|Any CPU
		{8BB1383C-BD31-4D45-8010-DFAFE1540D36}.Release|iPhoneSimulator.Deploy.0 = Release|Any CPU
		{8BB1383C-BD31-4D45-8010-DFAFE1540D36}.Release|x64.ActiveCfg = Release|Any CPU
		{8BB1383C-BD31-4D45-8010-DFAFE1540D36}.Release|x64.Build.0 = Release|Any CPU
		{8BB1383C-BD31-4D45-8010-DFAFE1540D36}.Release|x64.Deploy.0 = Release|Any CPU
		{8BB1383C-BD31-4D45-8010-DFAFE1540D36}.Release|x86.ActiveCfg = Release|Any CPU
		{8BB1383C-BD31-4D45-8010-DFAFE1540D36}.Release|x86.Build.0 = Release|Any CPU
		{8BB1383C-BD31-4D45-8010-DFAFE1540D36}.Release|x86.Deploy.0 = Release|Any CPU
		{73F860EE-EB58-45F6-8B4B-817A13ACC9AF}.Debug|Any CPU.ActiveCfg = Debug|iPhone
		{73F860EE-EB58-45F6-8B4B-817A13ACC9AF}.Debug|ARM.ActiveCfg = Debug|iPhone
		{73F860EE-EB58-45F6-8B4B-817A13ACC9AF}.Debug|ARM64.ActiveCfg = Debug|iPhone
		{73F860EE-EB58-45F6-8B4B-817A13ACC9AF}.Debug|iPhone.ActiveCfg = Debug|iPhone
		{73F860EE-EB58-45F6-8B4B-817A13ACC9AF}.Debug|iPhone.Build.0 = Debug|iPhone
		{73F860EE-EB58-45F6-8B4B-817A13ACC9AF}.Debug|iPhoneSimulator.ActiveCfg = Debug|iPhoneSimulator
		{73F860EE-EB58-45F6-8B4B-817A13ACC9AF}.Debug|iPhoneSimulator.Build.0 = Debug|iPhoneSimulator
		{73F860EE-EB58-45F6-8B4B-817A13ACC9AF}.Debug|x64.ActiveCfg = Debug|iPhone
		{73F860EE-EB58-45F6-8B4B-817A13ACC9AF}.Debug|x86.ActiveCfg = Debug|iPhone
		{73F860EE-EB58-45F6-8B4B-817A13ACC9AF}.Release|Any CPU.ActiveCfg = Release|iPhone
		{73F860EE-EB58-45F6-8B4B-817A13ACC9AF}.Release|ARM.ActiveCfg = Release|iPhone
		{73F860EE-EB58-45F6-8B4B-817A13ACC9AF}.Release|ARM64.ActiveCfg = Release|iPhone
		{73F860EE-EB58-45F6-8B4B-817A13ACC9AF}.Release|iPhone.ActiveCfg = Release|iPhone
		{73F860EE-EB58-45F6-8B4B-817A13ACC9AF}.Release|iPhone.Build.0 = Release|iPhone
		{73F860EE-EB58-45F6-8B4B-817A13ACC9AF}.Release|iPhoneSimulator.ActiveCfg = Release|iPhoneSimulator
		{73F860EE-EB58-45F6-8B4B-817A13ACC9AF}.Release|iPhoneSimulator.Build.0 = Release|iPhoneSimulator
		{73F860EE-EB58-45F6-8B4B-817A13ACC9AF}.Release|x64.ActiveCfg = Release|iPhone
		{73F860EE-EB58-45F6-8B4B-817A13ACC9AF}.Release|x86.ActiveCfg = Release|iPhone
		{742F3DD7-FADD-4BB5-AD28-8508B64D9D95}.Debug|Any CPU.ActiveCfg = Debug|Any CPU
		{742F3DD7-FADD-4BB5-AD28-8508B64D9D95}.Debug|Any CPU.Build.0 = Debug|Any CPU
		{742F3DD7-FADD-4BB5-AD28-8508B64D9D95}.Debug|ARM.ActiveCfg = Debug|Any CPU
		{742F3DD7-FADD-4BB5-AD28-8508B64D9D95}.Debug|ARM.Build.0 = Debug|Any CPU
		{742F3DD7-FADD-4BB5-AD28-8508B64D9D95}.Debug|ARM64.ActiveCfg = Debug|Any CPU
		{742F3DD7-FADD-4BB5-AD28-8508B64D9D95}.Debug|ARM64.Build.0 = Debug|Any CPU
		{742F3DD7-FADD-4BB5-AD28-8508B64D9D95}.Debug|iPhone.ActiveCfg = Debug|Any CPU
		{742F3DD7-FADD-4BB5-AD28-8508B64D9D95}.Debug|iPhone.Build.0 = Debug|Any CPU
		{742F3DD7-FADD-4BB5-AD28-8508B64D9D95}.Debug|iPhoneSimulator.ActiveCfg = Debug|Any CPU
		{742F3DD7-FADD-4BB5-AD28-8508B64D9D95}.Debug|iPhoneSimulator.Build.0 = Debug|Any CPU
		{742F3DD7-FADD-4BB5-AD28-8508B64D9D95}.Debug|x64.ActiveCfg = Debug|Any CPU
		{742F3DD7-FADD-4BB5-AD28-8508B64D9D95}.Debug|x64.Build.0 = Debug|Any CPU
		{742F3DD7-FADD-4BB5-AD28-8508B64D9D95}.Debug|x86.ActiveCfg = Debug|Any CPU
		{742F3DD7-FADD-4BB5-AD28-8508B64D9D95}.Debug|x86.Build.0 = Debug|Any CPU
		{742F3DD7-FADD-4BB5-AD28-8508B64D9D95}.Release|Any CPU.ActiveCfg = Release|Any CPU
		{742F3DD7-FADD-4BB5-AD28-8508B64D9D95}.Release|Any CPU.Build.0 = Release|Any CPU
		{742F3DD7-FADD-4BB5-AD28-8508B64D9D95}.Release|ARM.ActiveCfg = Release|Any CPU
		{742F3DD7-FADD-4BB5-AD28-8508B64D9D95}.Release|ARM.Build.0 = Release|Any CPU
		{742F3DD7-FADD-4BB5-AD28-8508B64D9D95}.Release|ARM64.ActiveCfg = Release|Any CPU
		{742F3DD7-FADD-4BB5-AD28-8508B64D9D95}.Release|ARM64.Build.0 = Release|Any CPU
		{742F3DD7-FADD-4BB5-AD28-8508B64D9D95}.Release|iPhone.ActiveCfg = Release|Any CPU
		{742F3DD7-FADD-4BB5-AD28-8508B64D9D95}.Release|iPhone.Build.0 = Release|Any CPU
		{742F3DD7-FADD-4BB5-AD28-8508B64D9D95}.Release|iPhoneSimulator.ActiveCfg = Release|Any CPU
		{742F3DD7-FADD-4BB5-AD28-8508B64D9D95}.Release|iPhoneSimulator.Build.0 = Release|Any CPU
		{742F3DD7-FADD-4BB5-AD28-8508B64D9D95}.Release|x64.ActiveCfg = Release|Any CPU
		{742F3DD7-FADD-4BB5-AD28-8508B64D9D95}.Release|x64.Build.0 = Release|Any CPU
		{742F3DD7-FADD-4BB5-AD28-8508B64D9D95}.Release|x86.ActiveCfg = Release|Any CPU
		{742F3DD7-FADD-4BB5-AD28-8508B64D9D95}.Release|x86.Build.0 = Release|Any CPU
		{879003A6-173B-41F6-A14A-8942856403B8}.Debug|Any CPU.ActiveCfg = Debug|x86
		{879003A6-173B-41F6-A14A-8942856403B8}.Debug|ARM.ActiveCfg = Debug|ARM
		{879003A6-173B-41F6-A14A-8942856403B8}.Debug|ARM.Build.0 = Debug|ARM
		{879003A6-173B-41F6-A14A-8942856403B8}.Debug|ARM.Deploy.0 = Debug|ARM
		{879003A6-173B-41F6-A14A-8942856403B8}.Debug|ARM64.ActiveCfg = Debug|ARM64
		{879003A6-173B-41F6-A14A-8942856403B8}.Debug|ARM64.Build.0 = Debug|ARM64
		{879003A6-173B-41F6-A14A-8942856403B8}.Debug|ARM64.Deploy.0 = Debug|ARM64
		{879003A6-173B-41F6-A14A-8942856403B8}.Debug|iPhone.ActiveCfg = Debug|x86
		{879003A6-173B-41F6-A14A-8942856403B8}.Debug|iPhoneSimulator.ActiveCfg = Debug|x86
		{879003A6-173B-41F6-A14A-8942856403B8}.Debug|x64.ActiveCfg = Debug|x64
		{879003A6-173B-41F6-A14A-8942856403B8}.Debug|x64.Build.0 = Debug|x64
		{879003A6-173B-41F6-A14A-8942856403B8}.Debug|x64.Deploy.0 = Debug|x64
		{879003A6-173B-41F6-A14A-8942856403B8}.Debug|x86.ActiveCfg = Debug|x86
		{879003A6-173B-41F6-A14A-8942856403B8}.Debug|x86.Build.0 = Debug|x86
		{879003A6-173B-41F6-A14A-8942856403B8}.Debug|x86.Deploy.0 = Debug|x86
		{879003A6-173B-41F6-A14A-8942856403B8}.Release|Any CPU.ActiveCfg = Release|x86
		{879003A6-173B-41F6-A14A-8942856403B8}.Release|ARM.ActiveCfg = Release|ARM
		{879003A6-173B-41F6-A14A-8942856403B8}.Release|ARM.Build.0 = Release|ARM
		{879003A6-173B-41F6-A14A-8942856403B8}.Release|ARM.Deploy.0 = Release|ARM
		{879003A6-173B-41F6-A14A-8942856403B8}.Release|ARM64.ActiveCfg = Release|ARM64
		{879003A6-173B-41F6-A14A-8942856403B8}.Release|ARM64.Build.0 = Release|ARM64
		{879003A6-173B-41F6-A14A-8942856403B8}.Release|ARM64.Deploy.0 = Release|ARM64
		{879003A6-173B-41F6-A14A-8942856403B8}.Release|iPhone.ActiveCfg = Release|x86
		{879003A6-173B-41F6-A14A-8942856403B8}.Release|iPhoneSimulator.ActiveCfg = Release|x86
		{879003A6-173B-41F6-A14A-8942856403B8}.Release|x64.ActiveCfg = Release|x64
		{879003A6-173B-41F6-A14A-8942856403B8}.Release|x64.Build.0 = Release|x64
		{879003A6-173B-41F6-A14A-8942856403B8}.Release|x64.Deploy.0 = Release|x64
		{879003A6-173B-41F6-A14A-8942856403B8}.Release|x86.ActiveCfg = Release|x86
		{879003A6-173B-41F6-A14A-8942856403B8}.Release|x86.Build.0 = Release|x86
		{879003A6-173B-41F6-A14A-8942856403B8}.Release|x86.Deploy.0 = Release|x86
		{D5D80FFE-952A-4925-A7D7-1FDB640CFE51}.Debug|Any CPU.ActiveCfg = Debug|Any CPU
		{D5D80FFE-952A-4925-A7D7-1FDB640CFE51}.Debug|Any CPU.Build.0 = Debug|Any CPU
		{D5D80FFE-952A-4925-A7D7-1FDB640CFE51}.Debug|ARM.ActiveCfg = Debug|ARM
		{D5D80FFE-952A-4925-A7D7-1FDB640CFE51}.Debug|ARM.Build.0 = Debug|ARM
		{D5D80FFE-952A-4925-A7D7-1FDB640CFE51}.Debug|ARM64.ActiveCfg = Debug|ARM64
		{D5D80FFE-952A-4925-A7D7-1FDB640CFE51}.Debug|ARM64.Build.0 = Debug|ARM64
		{D5D80FFE-952A-4925-A7D7-1FDB640CFE51}.Debug|iPhone.ActiveCfg = Debug|Any CPU
		{D5D80FFE-952A-4925-A7D7-1FDB640CFE51}.Debug|iPhone.Build.0 = Debug|Any CPU
		{D5D80FFE-952A-4925-A7D7-1FDB640CFE51}.Debug|iPhoneSimulator.ActiveCfg = Debug|Any CPU
		{D5D80FFE-952A-4925-A7D7-1FDB640CFE51}.Debug|iPhoneSimulator.Build.0 = Debug|Any CPU
		{D5D80FFE-952A-4925-A7D7-1FDB640CFE51}.Debug|x64.ActiveCfg = Debug|x64
		{D5D80FFE-952A-4925-A7D7-1FDB640CFE51}.Debug|x64.Build.0 = Debug|x64
		{D5D80FFE-952A-4925-A7D7-1FDB640CFE51}.Debug|x86.ActiveCfg = Debug|x86
		{D5D80FFE-952A-4925-A7D7-1FDB640CFE51}.Debug|x86.Build.0 = Debug|x86
		{D5D80FFE-952A-4925-A7D7-1FDB640CFE51}.Release|Any CPU.ActiveCfg = Release|Any CPU
		{D5D80FFE-952A-4925-A7D7-1FDB640CFE51}.Release|Any CPU.Build.0 = Release|Any CPU
		{D5D80FFE-952A-4925-A7D7-1FDB640CFE51}.Release|ARM.ActiveCfg = Release|ARM
		{D5D80FFE-952A-4925-A7D7-1FDB640CFE51}.Release|ARM.Build.0 = Release|ARM
		{D5D80FFE-952A-4925-A7D7-1FDB640CFE51}.Release|ARM64.ActiveCfg = Release|ARM64
		{D5D80FFE-952A-4925-A7D7-1FDB640CFE51}.Release|ARM64.Build.0 = Release|ARM64
		{D5D80FFE-952A-4925-A7D7-1FDB640CFE51}.Release|iPhone.ActiveCfg = Release|Any CPU
		{D5D80FFE-952A-4925-A7D7-1FDB640CFE51}.Release|iPhone.Build.0 = Release|Any CPU
		{D5D80FFE-952A-4925-A7D7-1FDB640CFE51}.Release|iPhoneSimulator.ActiveCfg = Release|Any CPU
		{D5D80FFE-952A-4925-A7D7-1FDB640CFE51}.Release|iPhoneSimulator.Build.0 = Release|Any CPU
		{D5D80FFE-952A-4925-A7D7-1FDB640CFE51}.Release|x64.ActiveCfg = Release|x64
		{D5D80FFE-952A-4925-A7D7-1FDB640CFE51}.Release|x64.Build.0 = Release|x64
		{D5D80FFE-952A-4925-A7D7-1FDB640CFE51}.Release|x86.ActiveCfg = Release|x86
		{D5D80FFE-952A-4925-A7D7-1FDB640CFE51}.Release|x86.Build.0 = Release|x86
		{2AAC263C-F324-48BF-8488-EBE7463735D7}.Debug|Any CPU.ActiveCfg = Debug|Any CPU
		{2AAC263C-F324-48BF-8488-EBE7463735D7}.Debug|Any CPU.Build.0 = Debug|Any CPU
		{2AAC263C-F324-48BF-8488-EBE7463735D7}.Debug|ARM.ActiveCfg = Debug|Any CPU
		{2AAC263C-F324-48BF-8488-EBE7463735D7}.Debug|ARM.Build.0 = Debug|Any CPU
		{2AAC263C-F324-48BF-8488-EBE7463735D7}.Debug|ARM64.ActiveCfg = Debug|Any CPU
		{2AAC263C-F324-48BF-8488-EBE7463735D7}.Debug|ARM64.Build.0 = Debug|Any CPU
		{2AAC263C-F324-48BF-8488-EBE7463735D7}.Debug|iPhone.ActiveCfg = Debug|Any CPU
		{2AAC263C-F324-48BF-8488-EBE7463735D7}.Debug|iPhone.Build.0 = Debug|Any CPU
		{2AAC263C-F324-48BF-8488-EBE7463735D7}.Debug|iPhoneSimulator.ActiveCfg = Debug|Any CPU
		{2AAC263C-F324-48BF-8488-EBE7463735D7}.Debug|iPhoneSimulator.Build.0 = Debug|Any CPU
		{2AAC263C-F324-48BF-8488-EBE7463735D7}.Debug|x64.ActiveCfg = Debug|Any CPU
		{2AAC263C-F324-48BF-8488-EBE7463735D7}.Debug|x64.Build.0 = Debug|Any CPU
		{2AAC263C-F324-48BF-8488-EBE7463735D7}.Debug|x86.ActiveCfg = Debug|Any CPU
		{2AAC263C-F324-48BF-8488-EBE7463735D7}.Debug|x86.Build.0 = Debug|Any CPU
		{2AAC263C-F324-48BF-8488-EBE7463735D7}.Release|Any CPU.ActiveCfg = Release|Any CPU
		{2AAC263C-F324-48BF-8488-EBE7463735D7}.Release|Any CPU.Build.0 = Release|Any CPU
		{2AAC263C-F324-48BF-8488-EBE7463735D7}.Release|ARM.ActiveCfg = Release|Any CPU
		{2AAC263C-F324-48BF-8488-EBE7463735D7}.Release|ARM.Build.0 = Release|Any CPU
		{2AAC263C-F324-48BF-8488-EBE7463735D7}.Release|ARM64.ActiveCfg = Release|Any CPU
		{2AAC263C-F324-48BF-8488-EBE7463735D7}.Release|ARM64.Build.0 = Release|Any CPU
		{2AAC263C-F324-48BF-8488-EBE7463735D7}.Release|iPhone.ActiveCfg = Release|Any CPU
		{2AAC263C-F324-48BF-8488-EBE7463735D7}.Release|iPhone.Build.0 = Release|Any CPU
		{2AAC263C-F324-48BF-8488-EBE7463735D7}.Release|iPhoneSimulator.ActiveCfg = Release|Any CPU
		{2AAC263C-F324-48BF-8488-EBE7463735D7}.Release|iPhoneSimulator.Build.0 = Release|Any CPU
		{2AAC263C-F324-48BF-8488-EBE7463735D7}.Release|x64.ActiveCfg = Release|Any CPU
		{2AAC263C-F324-48BF-8488-EBE7463735D7}.Release|x64.Build.0 = Release|Any CPU
		{2AAC263C-F324-48BF-8488-EBE7463735D7}.Release|x86.ActiveCfg = Release|Any CPU
		{2AAC263C-F324-48BF-8488-EBE7463735D7}.Release|x86.Build.0 = Release|Any CPU
	EndGlobalSection
	GlobalSection(SolutionProperties) = preSolution
		HideSolutionNode = FALSE
	EndGlobalSection
	GlobalSection(NestedProjects) = preSolution
		{5F5B63B8-2D06-48C2-A08C-691655EA62DD} = {ABEF3748-B02C-47B8-98D7-5BD1B4F06063}
		{8BB1383C-BD31-4D45-8010-DFAFE1540D36} = {27C19420-45E9-4AB8-A5EF-711DA7DC4204}
		{73F860EE-EB58-45F6-8B4B-817A13ACC9AF} = {27C19420-45E9-4AB8-A5EF-711DA7DC4204}
		{742F3DD7-FADD-4BB5-AD28-8508B64D9D95} = {27C19420-45E9-4AB8-A5EF-711DA7DC4204}
		{879003A6-173B-41F6-A14A-8942856403B8} = {ABEF3748-B02C-47B8-98D7-5BD1B4F06063}
		{D5D80FFE-952A-4925-A7D7-1FDB640CFE51} = {ABEF3748-B02C-47B8-98D7-5BD1B4F06063}
	EndGlobalSection
	GlobalSection(ExtensibilityGlobals) = postSolution
		SolutionGuid = {42DDE9F8-A5DA-4CDE-BC07-ADECB110DF52}
	EndGlobalSection
EndGlobal
